
Microsoft Visual Studio Solution File, Format Version 12.00
# Visual Studio Version 16
VisualStudioVersion = 16.0.31019.35
MinimumVisualStudioVersion = 10.0.40219.1
Project("{FAE04EC0-301F-11D3-BF4B-00C04F79EFBC}") = "oaip5", "oaip5\oaip5.csproj", "{487979E6-8E6C-4ECB-A31E-081EBA578B46}"
EndProject
Project("{FAE04EC0-301F-11D3-BF4B-00C04F79EFBC}") = "MyLib", "MyLib\MyLib.csproj", "{D8276610-31FC-435D-8797-0D74497FB32D}"
EndProject
Global
	GlobalSection(SolutionConfigurationPlatforms) = preSolution
		Debug|Any CPU = Debug|Any CPU
		Release|Any CPU = Release|Any CPU
	EndGlobalSection
	GlobalSection(ProjectConfigurationPlatforms) = postSolution
		{487979E6-8E6C-4ECB-A31E-081EBA578B46}.Debug|Any CPU.ActiveCfg = Debug|Any CPU
		{487979E6-8E6C-4ECB-A31E-081EBA578B46}.Debug|Any CPU.Build.0 = Debug|Any CPU
		{487979E6-8E6C-4ECB-A31E-081EBA578B46}.Release|Any CPU.ActiveCfg = Release|Any CPU
		{487979E6-8E6C-4ECB-A31E-081EBA578B46}.Release|Any CPU.Build.0 = Release|Any CPU
		{D8276610-31FC-435D-8797-0D74497FB32D}.Debug|Any CPU.ActiveCfg = Debug|Any CPU
		{D8276610-31FC-435D-8797-0D74497FB32D}.Debug|Any CPU.Build.0 = Debug|Any CPU
		{D8276610-31FC-435D-8797-0D74497FB32D}.Release|Any CPU.ActiveCfg = Release|Any CPU
		{D8276610-31FC-435D-8797-0D74497FB32D}.Release|Any CPU.Build.0 = Release|Any CPU
	EndGlobalSection
	GlobalSection(SolutionProperties) = preSolution
		HideSolutionNode = FALSE
	EndGlobalSection
	GlobalSection(ExtensibilityGlobals) = postSolution
		SolutionGuid = {9AF2D145-0A39-473C-8C5A-88CA95E1852A}
	EndGlobalSection
EndGlobal
