
Microsoft Visual Studio Solution File, Format Version 12.00
# Visual Studio Version 16
VisualStudioVersion = 16.0.31205.134
MinimumVisualStudioVersion = 10.0.40219.1
Project("{FAE04EC0-301F-11D3-BF4B-00C04F79EFBC}") = "WindowsFormsApp2", "WindowsFormsApp2\WindowsFormsApp2.csproj", "{0021F184-CFED-46AA-853A-DF524A28BAEC}"
EndProject
Global
	GlobalSection(SolutionConfigurationPlatforms) = preSolution
		Debug|Any CPU = Debug|Any CPU
		Release|Any CPU = Release|Any CPU
	EndGlobalSection
	GlobalSection(ProjectConfigurationPlatforms) = postSolution
		{0021F184-CFED-46AA-853A-DF524A28BAEC}.Debug|Any CPU.ActiveCfg = Debug|Any CPU
		{0021F184-CFED-46AA-853A-DF524A28BAEC}.Debug|Any CPU.Build.0 = Debug|Any CPU
		{0021F184-CFED-46AA-853A-DF524A28BAEC}.Release|Any CPU.ActiveCfg = Release|Any CPU
		{0021F184-CFED-46AA-853A-DF524A28BAEC}.Release|Any CPU.Build.0 = Release|Any CPU
	EndGlobalSection
	GlobalSection(SolutionProperties) = preSolution
		HideSolutionNode = FALSE
	EndGlobalSection
	GlobalSection(ExtensibilityGlobals) = postSolution
		SolutionGuid = {A64F1383-AC84-40C2-A07F-BB1C679BEBA3}
	EndGlobalSection
EndGlobal
